
Microsoft Visual Studio Solution File, Format Version 12.00
# Visual Studio Version 17
VisualStudioVersion = 17.5.33424.131
MinimumVisualStudioVersion = 10.0.40219.1
Project("{FAE04EC0-301F-11D3-BF4B-00C04F79EFBC}") = "Developer", "Developer.csproj", "{A33748B3-1B93-4AEC-9977-435361EA3F62}"
EndProject
Global
	GlobalSection(SolutionConfigurationPlatforms) = preSolution
		Debug|Any CPU = Debug|Any CPU
		Release|Any CPU = Release|Any CPU
	EndGlobalSection
	GlobalSection(ProjectConfigurationPlatforms) = postSolution
		{A33748B3-1B93-4AEC-9977-435361EA3F62}.Debug|Any CPU.ActiveCfg = Debug|Any CPU
		{A33748B3-1B93-4AEC-9977-435361EA3F62}.Debug|Any CPU.Build.0 = Debug|Any CPU
		{A33748B3-1B93-4AEC-9977-435361EA3F62}.Release|Any CPU.ActiveCfg = Release|Any CPU
		{A33748B3-1B93-4AEC-9977-435361EA3F62}.Release|Any CPU.Build.0 = Release|Any CPU
	EndGlobalSection
	GlobalSection(SolutionProperties) = preSolution
		HideSolutionNode = FALSE
	EndGlobalSection
	GlobalSection(ExtensibilityGlobals) = postSolution
		SolutionGuid = {9754544C-2662-41E7-9E81-D4D9CB23764C}
	EndGlobalSection
EndGlobal
